
Microsoft Visual Studio Solution File, Format Version 11.00
# Visual Studio 2010
Project("{FAE04EC0-301F-11D3-BF4B-00C04F79EFBC}") = "Bloom", "Assembly-CSharp-firstpass.csproj", "{1D3387DB-C586-75D7-70C5-6C4D8E4AC94A}"
EndProject
Project("{FAE04EC0-301F-11D3-BF4B-00C04F79EFBC}") = "Bloom", "Assembly-CSharp.csproj", "{8516BF70-9345-FFD5-BDDD-DB948EB745E8}"
EndProject
Project("{FAE04EC0-301F-11D3-BF4B-00C04F79EFBC}") = "Bloom", "Assembly-CSharp-Editor-firstpass.csproj", "{4EC8C732-0055-445E-491F-1B6A9207AA54}"
EndProject
Global
	GlobalSection(SolutionConfigurationPlatforms) = preSolution
		Debug|Any CPU = Debug|Any CPU
		Release|Any CPU = Release|Any CPU
	EndGlobalSection
	GlobalSection(ProjectConfigurationPlatforms) = postSolution
		{1D3387DB-C586-75D7-70C5-6C4D8E4AC94A}.Debug|Any CPU.ActiveCfg = Debug|Any CPU
		{1D3387DB-C586-75D7-70C5-6C4D8E4AC94A}.Debug|Any CPU.Build.0 = Debug|Any CPU
		{1D3387DB-C586-75D7-70C5-6C4D8E4AC94A}.Release|Any CPU.ActiveCfg = Release|Any CPU
		{1D3387DB-C586-75D7-70C5-6C4D8E4AC94A}.Release|Any CPU.Build.0 = Release|Any CPU
		{8516BF70-9345-FFD5-BDDD-DB948EB745E8}.Debug|Any CPU.ActiveCfg = Debug|Any CPU
		{8516BF70-9345-FFD5-BDDD-DB948EB745E8}.Debug|Any CPU.Build.0 = Debug|Any CPU
		{8516BF70-9345-FFD5-BDDD-DB948EB745E8}.Release|Any CPU.ActiveCfg = Release|Any CPU
		{8516BF70-9345-FFD5-BDDD-DB948EB745E8}.Release|Any CPU.Build.0 = Release|Any CPU
		{4EC8C732-0055-445E-491F-1B6A9207AA54}.Debug|Any CPU.ActiveCfg = Debug|Any CPU
		{4EC8C732-0055-445E-491F-1B6A9207AA54}.Debug|Any CPU.Build.0 = Debug|Any CPU
		{4EC8C732-0055-445E-491F-1B6A9207AA54}.Release|Any CPU.ActiveCfg = Release|Any CPU
		{4EC8C732-0055-445E-491F-1B6A9207AA54}.Release|Any CPU.Build.0 = Release|Any CPU
	EndGlobalSection
	GlobalSection(SolutionProperties) = preSolution
		HideSolutionNode = FALSE
	EndGlobalSection
	GlobalSection(MonoDevelopProperties) = preSolution
		StartupItem = Assembly-CSharp.csproj
	EndGlobalSection
EndGlobal
